// !$*UTF8*$!
{
	archiveVersion = 1;
	classes = {
	};
	objectVersion = 51;
	objects = {

/* Begin PBXBuildFile section */
		4168BA1B3969A6EE1DFDC78B /* Pods_project_wayward.framework in Frameworks */ = {isa = PBXBuildFile; fileRef = E15AC4FB684FF83B0753B791 /* Pods_project_wayward.framework */; };
		6206B0182643B688003FB658 /* CommentController.swift in Sources */ = {isa = PBXBuildFile; fileRef = 6206B0172643B688003FB658 /* CommentController.swift */; };
		6206B01A2643B97D003FB658 /* CommentCell.swift in Sources */ = {isa = PBXBuildFile; fileRef = 6206B0192643B97D003FB658 /* CommentCell.swift */; };
		6206B01C2643CF7D003FB658 /* CommentInputAccesoryView.swift in Sources */ = {isa = PBXBuildFile; fileRef = 6206B01B2643CF7D003FB658 /* CommentInputAccesoryView.swift */; };
		6210799B26392C9100F18519 /* LoginController.swift in Sources */ = {isa = PBXBuildFile; fileRef = 6210799A26392C9100F18519 /* LoginController.swift */; };
		6210799D26392CA400F18519 /* RegistrationController.swift in Sources */ = {isa = PBXBuildFile; fileRef = 6210799C26392CA400F18519 /* RegistrationController.swift */; };
		6210799F26393DE100F18519 /* customTextField.swift in Sources */ = {isa = PBXBuildFile; fileRef = 6210799E26393DE100F18519 /* customTextField.swift */; };
		621079A126394B6000F18519 /* AuthenticationViewModel.swift in Sources */ = {isa = PBXBuildFile; fileRef = 621079A026394B6000F18519 /* AuthenticationViewModel.swift */; };
		621079A3263A734B00F18519 /* GoogleService-Info.plist in Resources */ = {isa = PBXBuildFile; fileRef = 621079A2263A734B00F18519 /* GoogleService-Info.plist */; };
		6232CBE926380CA800CC60F9 /* AppDelegate.swift in Sources */ = {isa = PBXBuildFile; fileRef = 6232CBE826380CA800CC60F9 /* AppDelegate.swift */; };
		6232CBEB26380CA800CC60F9 /* SceneDelegate.swift in Sources */ = {isa = PBXBuildFile; fileRef = 6232CBEA26380CA800CC60F9 /* SceneDelegate.swift */; };
		6232CBED26380CA800CC60F9 /* ViewController.swift in Sources */ = {isa = PBXBuildFile; fileRef = 6232CBEC26380CA800CC60F9 /* ViewController.swift */; };
		6232CBF026380CA800CC60F9 /* Main.storyboard in Resources */ = {isa = PBXBuildFile; fileRef = 6232CBEE26380CA800CC60F9 /* Main.storyboard */; };
		6232CBF226380CAB00CC60F9 /* Assets.xcassets in Resources */ = {isa = PBXBuildFile; fileRef = 6232CBF126380CAB00CC60F9 /* Assets.xcassets */; };
		6232CBF526380CAB00CC60F9 /* LaunchScreen.storyboard in Resources */ = {isa = PBXBuildFile; fileRef = 6232CBF326380CAB00CC60F9 /* LaunchScreen.storyboard */; };
		6232CC0526380DB700CC60F9 /* MainTabController.swift in Sources */ = {isa = PBXBuildFile; fileRef = 6232CC0426380DB700CC60F9 /* MainTabController.swift */; };
		6232CC0826380F8400CC60F9 /* FeedController.swift in Sources */ = {isa = PBXBuildFile; fileRef = 6232CC0726380F8400CC60F9 /* FeedController.swift */; };
		6232CC0B26380F9800CC60F9 /* SearchController.swift in Sources */ = {isa = PBXBuildFile; fileRef = 6232CC0A26380F9800CC60F9 /* SearchController.swift */; };
		6232CC0E26380FB500CC60F9 /* ImageSelectController.swift in Sources */ = {isa = PBXBuildFile; fileRef = 6232CC0D26380FB500CC60F9 /* ImageSelectController.swift */; };
		6232CC1126380FD300CC60F9 /* NotifacationController.swift in Sources */ = {isa = PBXBuildFile; fileRef = 6232CC1026380FD300CC60F9 /* NotifacationController.swift */; };
		6232CC1426380FE100CC60F9 /* ProfileController.swift in Sources */ = {isa = PBXBuildFile; fileRef = 6232CC1326380FE100CC60F9 /* ProfileController.swift */; };
		62385AC2263A7C2F00743C1E /* ImageUploader.swift in Sources */ = {isa = PBXBuildFile; fileRef = 62385AC1263A7C2F00743C1E /* ImageUploader.swift */; };
		62385AC4263A7C3B00743C1E /* AuthService.swift in Sources */ = {isa = PBXBuildFile; fileRef = 62385AC3263A7C3B00743C1E /* AuthService.swift */; };
		62385AC6263AB71C00743C1E /* ProfileCell.swift in Sources */ = {isa = PBXBuildFile; fileRef = 62385AC5263AB71C00743C1E /* ProfileCell.swift */; };
		62385AC8263AB72B00743C1E /* ProfileHeader.swift in Sources */ = {isa = PBXBuildFile; fileRef = 62385AC7263AB72B00743C1E /* ProfileHeader.swift */; };
		62385ACB263AE87200743C1E /* UserService.swift in Sources */ = {isa = PBXBuildFile; fileRef = 62385ACA263AE87200743C1E /* UserService.swift */; };
		62385ACD263AE8B300743C1E /* Constants.swift in Sources */ = {isa = PBXBuildFile; fileRef = 62385ACC263AE8B300743C1E /* Constants.swift */; };
		62385ACF263AED5000743C1E /* User.swift in Sources */ = {isa = PBXBuildFile; fileRef = 62385ACE263AED5000743C1E /* User.swift */; };
		62385AD1263AF8BF00743C1E /* ProfileHeaderViewModel.swift in Sources */ = {isa = PBXBuildFile; fileRef = 62385AD0263AF8BF00743C1E /* ProfileHeaderViewModel.swift */; };
		62385AD3263FA6D000743C1E /* UserCell.swift in Sources */ = {isa = PBXBuildFile; fileRef = 62385AD2263FA6D000743C1E /* UserCell.swift */; };
		62385AD5263FBC5A00743C1E /* UserCellViewModel.swift in Sources */ = {isa = PBXBuildFile; fileRef = 62385AD4263FBC5A00743C1E /* UserCellViewModel.swift */; };
		62385AD72642671800743C1E /* UploadPostController.swift in Sources */ = {isa = PBXBuildFile; fileRef = 62385AD62642671800743C1E /* UploadPostController.swift */; };
		62385AD926426B7C00743C1E /* InputTextView.swift in Sources */ = {isa = PBXBuildFile; fileRef = 62385AD826426B7C00743C1E /* InputTextView.swift */; };
		62385ADB26427C4600743C1E /* PostService.swift in Sources */ = {isa = PBXBuildFile; fileRef = 62385ADA26427C4600743C1E /* PostService.swift */; };
		62385ADD26428C7000743C1E /* Post.swift in Sources */ = {isa = PBXBuildFile; fileRef = 62385ADC26428C7000743C1E /* Post.swift */; };
		62385ADF2642915400743C1E /* PostViewModel.swift in Sources */ = {isa = PBXBuildFile; fileRef = 62385ADE2642915400743C1E /* PostViewModel.swift */; };
		62DE5EA7263828330048892F /* FeedCell.swift in Sources */ = {isa = PBXBuildFile; fileRef = 62DE5EA6263828330048892F /* FeedCell.swift */; };
		62DE5EA9263829580048892F /* Extentions.swift in Sources */ = {isa = PBXBuildFile; fileRef = 62DE5EA8263829580048892F /* Extentions.swift */; };
/* End PBXBuildFile section */

/* Begin PBXFileReference section */
		0A2C705B9BF58D105C3A8B63 /* Pods-project_wayward.debug.xcconfig */ = {isa = PBXFileReference; includeInIndex = 1; lastKnownFileType = text.xcconfig; name = "Pods-project_wayward.debug.xcconfig"; path = "Target Support Files/Pods-project_wayward/Pods-project_wayward.debug.xcconfig"; sourceTree = "<group>"; };
		6206B0172643B688003FB658 /* CommentController.swift */ = {isa = PBXFileReference; lastKnownFileType = sourcecode.swift; path = CommentController.swift; sourceTree = "<group>"; };
		6206B0192643B97D003FB658 /* CommentCell.swift */ = {isa = PBXFileReference; lastKnownFileType = sourcecode.swift; path = CommentCell.swift; sourceTree = "<group>"; };
		6206B01B2643CF7D003FB658 /* CommentInputAccesoryView.swift */ = {isa = PBXFileReference; lastKnownFileType = sourcecode.swift; path = CommentInputAccesoryView.swift; sourceTree = "<group>"; };
		6210799A26392C9100F18519 /* LoginController.swift */ = {isa = PBXFileReference; lastKnownFileType = sourcecode.swift; path = LoginController.swift; sourceTree = "<group>"; };
		6210799C26392CA400F18519 /* RegistrationController.swift */ = {isa = PBXFileReference; lastKnownFileType = sourcecode.swift; path = RegistrationController.swift; sourceTree = "<group>"; };
		6210799E26393DE100F18519 /* customTextField.swift */ = {isa = PBXFileReference; lastKnownFileType = sourcecode.swift; path = customTextField.swift; sourceTree = "<group>"; };
		621079A026394B6000F18519 /* AuthenticationViewModel.swift */ = {isa = PBXFileReference; lastKnownFileType = sourcecode.swift; path = AuthenticationViewModel.swift; sourceTree = "<group>"; };
		621079A2263A734B00F18519 /* GoogleService-Info.plist */ = {isa = PBXFileReference; lastKnownFileType = text.plist; path = "GoogleService-Info.plist"; sourceTree = SOURCE_ROOT; };
		6232CBE526380CA800CC60F9 /* project_wayward.app */ = {isa = PBXFileReference; explicitFileType = wrapper.application; includeInIndex = 0; path = project_wayward.app; sourceTree = BUILT_PRODUCTS_DIR; };
		6232CBE826380CA800CC60F9 /* AppDelegate.swift */ = {isa = PBXFileReference; lastKnownFileType = sourcecode.swift; path = AppDelegate.swift; sourceTree = "<group>"; };
		6232CBEA26380CA800CC60F9 /* SceneDelegate.swift */ = {isa = PBXFileReference; lastKnownFileType = sourcecode.swift; path = SceneDelegate.swift; sourceTree = "<group>"; };
		6232CBEC26380CA800CC60F9 /* ViewController.swift */ = {isa = PBXFileReference; lastKnownFileType = sourcecode.swift; path = ViewController.swift; sourceTree = "<group>"; };
		6232CBEF26380CA800CC60F9 /* Base */ = {isa = PBXFileReference; lastKnownFileType = file.storyboard; name = Base; path = Base.lproj/Main.storyboard; sourceTree = "<group>"; };
		6232CBF126380CAB00CC60F9 /* Assets.xcassets */ = {isa = PBXFileReference; lastKnownFileType = folder.assetcatalog; path = Assets.xcassets; sourceTree = "<group>"; };
		6232CBF426380CAB00CC60F9 /* Base */ = {isa = PBXFileReference; lastKnownFileType = file.storyboard; name = Base; path = Base.lproj/LaunchScreen.storyboard; sourceTree = "<group>"; };
		6232CBF626380CAB00CC60F9 /* Info.plist */ = {isa = PBXFileReference; lastKnownFileType = text.plist.xml; path = Info.plist; sourceTree = "<group>"; };
		6232CC0426380DB700CC60F9 /* MainTabController.swift */ = {isa = PBXFileReference; lastKnownFileType = sourcecode.swift; path = MainTabController.swift; sourceTree = "<group>"; };
		6232CC0726380F8400CC60F9 /* FeedController.swift */ = {isa = PBXFileReference; lastKnownFileType = sourcecode.swift; path = FeedController.swift; sourceTree = "<group>"; };
		6232CC0A26380F9800CC60F9 /* SearchController.swift */ = {isa = PBXFileReference; lastKnownFileType = sourcecode.swift; path = SearchController.swift; sourceTree = "<group>"; };
		6232CC0D26380FB500CC60F9 /* ImageSelectController.swift */ = {isa = PBXFileReference; lastKnownFileType = sourcecode.swift; path = ImageSelectController.swift; sourceTree = "<group>"; };
		6232CC1026380FD300CC60F9 /* NotifacationController.swift */ = {isa = PBXFileReference; lastKnownFileType = sourcecode.swift; path = NotifacationController.swift; sourceTree = "<group>"; };
		6232CC1326380FE100CC60F9 /* ProfileController.swift */ = {isa = PBXFileReference; lastKnownFileType = sourcecode.swift; path = ProfileController.swift; sourceTree = "<group>"; };
		62385AC1263A7C2F00743C1E /* ImageUploader.swift */ = {isa = PBXFileReference; lastKnownFileType = sourcecode.swift; path = ImageUploader.swift; sourceTree = "<group>"; };
		62385AC3263A7C3B00743C1E /* AuthService.swift */ = {isa = PBXFileReference; lastKnownFileType = sourcecode.swift; path = AuthService.swift; sourceTree = "<group>"; };
		62385AC5263AB71C00743C1E /* ProfileCell.swift */ = {isa = PBXFileReference; lastKnownFileType = sourcecode.swift; path = ProfileCell.swift; sourceTree = "<group>"; };
		62385AC7263AB72B00743C1E /* ProfileHeader.swift */ = {isa = PBXFileReference; lastKnownFileType = sourcecode.swift; path = ProfileHeader.swift; sourceTree = "<group>"; };
		62385ACA263AE87200743C1E /* UserService.swift */ = {isa = PBXFileReference; lastKnownFileType = sourcecode.swift; path = UserService.swift; sourceTree = "<group>"; };
		62385ACC263AE8B300743C1E /* Constants.swift */ = {isa = PBXFileReference; lastKnownFileType = sourcecode.swift; path = Constants.swift; sourceTree = "<group>"; };
		62385ACE263AED5000743C1E /* User.swift */ = {isa = PBXFileReference; lastKnownFileType = sourcecode.swift; path = User.swift; sourceTree = "<group>"; };
		62385AD0263AF8BF00743C1E /* ProfileHeaderViewModel.swift */ = {isa = PBXFileReference; lastKnownFileType = sourcecode.swift; path = ProfileHeaderViewModel.swift; sourceTree = "<group>"; };
		62385AD2263FA6D000743C1E /* UserCell.swift */ = {isa = PBXFileReference; lastKnownFileType = sourcecode.swift; path = UserCell.swift; sourceTree = "<group>"; };
		62385AD4263FBC5A00743C1E /* UserCellViewModel.swift */ = {isa = PBXFileReference; lastKnownFileType = sourcecode.swift; path = UserCellViewModel.swift; sourceTree = "<group>"; };
		62385AD62642671800743C1E /* UploadPostController.swift */ = {isa = PBXFileReference; lastKnownFileType = sourcecode.swift; path = UploadPostController.swift; sourceTree = "<group>"; };
		62385AD826426B7C00743C1E /* InputTextView.swift */ = {isa = PBXFileReference; lastKnownFileType = sourcecode.swift; path = InputTextView.swift; sourceTree = "<group>"; };
		62385ADA26427C4600743C1E /* PostService.swift */ = {isa = PBXFileReference; lastKnownFileType = sourcecode.swift; path = PostService.swift; sourceTree = "<group>"; };
		62385ADC26428C7000743C1E /* Post.swift */ = {isa = PBXFileReference; lastKnownFileType = sourcecode.swift; path = Post.swift; sourceTree = "<group>"; };
		62385ADE2642915400743C1E /* PostViewModel.swift */ = {isa = PBXFileReference; lastKnownFileType = sourcecode.swift; path = PostViewModel.swift; sourceTree = "<group>"; };
		62DE5EA6263828330048892F /* FeedCell.swift */ = {isa = PBXFileReference; lastKnownFileType = sourcecode.swift; path = FeedCell.swift; sourceTree = "<group>"; };
		62DE5EA8263829580048892F /* Extentions.swift */ = {isa = PBXFileReference; lastKnownFileType = sourcecode.swift; path = Extentions.swift; sourceTree = "<group>"; };
		8C4412CAC41C30385D95CB5F /* Pods-project_wayward.release.xcconfig */ = {isa = PBXFileReference; includeInIndex = 1; lastKnownFileType = text.xcconfig; name = "Pods-project_wayward.release.xcconfig"; path = "Target Support Files/Pods-project_wayward/Pods-project_wayward.release.xcconfig"; sourceTree = "<group>"; };
		E15AC4FB684FF83B0753B791 /* Pods_project_wayward.framework */ = {isa = PBXFileReference; explicitFileType = wrapper.framework; includeInIndex = 0; path = Pods_project_wayward.framework; sourceTree = BUILT_PRODUCTS_DIR; };
/* End PBXFileReference section */

/* Begin PBXFrameworksBuildPhase section */
		6232CBE226380CA800CC60F9 /* Frameworks */ = {
			isa = PBXFrameworksBuildPhase;
			buildActionMask = 2147483647;
			files = (
				4168BA1B3969A6EE1DFDC78B /* Pods_project_wayward.framework in Frameworks */,
			);
			runOnlyForDeploymentPostprocessing = 0;
		};
/* End PBXFrameworksBuildPhase section */

/* Begin PBXGroup section */
		5ACBAC6B8CD7D2844806CF44 /* Frameworks */ = {
			isa = PBXGroup;
			children = (
				E15AC4FB684FF83B0753B791 /* Pods_project_wayward.framework */,
			);
			name = Frameworks;
			sourceTree = "<group>";
		};
		6210799926392C6100F18519 /* Authentication */ = {
			isa = PBXGroup;
			children = (
				6210799A26392C9100F18519 /* LoginController.swift */,
				6210799C26392CA400F18519 /* RegistrationController.swift */,
			);
			path = Authentication;
			sourceTree = "<group>";
		};
		6232CBDC26380CA800CC60F9 = {
			isa = PBXGroup;
			children = (
				6232CBE726380CA800CC60F9 /* project_wayward */,
				6232CBE626380CA800CC60F9 /* Products */,
				EF5BA6529F88177EF8B83C3D /* Pods */,
				5ACBAC6B8CD7D2844806CF44 /* Frameworks */,
			);
			sourceTree = "<group>";
		};
		6232CBE626380CA800CC60F9 /* Products */ = {
			isa = PBXGroup;
			children = (
				6232CBE526380CA800CC60F9 /* project_wayward.app */,
			);
			name = Products;
			sourceTree = "<group>";
		};
		6232CBE726380CA800CC60F9 /* project_wayward */ = {
			isa = PBXGroup;
			children = (
				6232CC0226380CDB00CC60F9 /* Model */,
				6232CC0126380CD500CC60F9 /* View */,
				6232CC0026380CD100CC60F9 /* ViewModel */,
				6232CBFF26380CCD00CC60F9 /* Controller */,
				6232CBFE26380CC900CC60F9 /* APi */,
				6232CBFD26380CC100CC60F9 /* Utilis */,
				6232CBE826380CA800CC60F9 /* AppDelegate.swift */,
				6232CBEA26380CA800CC60F9 /* SceneDelegate.swift */,
				6232CBEC26380CA800CC60F9 /* ViewController.swift */,
				6232CBEE26380CA800CC60F9 /* Main.storyboard */,
				6232CBF126380CAB00CC60F9 /* Assets.xcassets */,
				6232CBF326380CAB00CC60F9 /* LaunchScreen.storyboard */,
				6232CBF626380CAB00CC60F9 /* Info.plist */,
				621079A2263A734B00F18519 /* GoogleService-Info.plist */,
			);
			path = project_wayward;
			sourceTree = "<group>";
		};
		6232CBFD26380CC100CC60F9 /* Utilis */ = {
			isa = PBXGroup;
			children = (
				62DE5EA8263829580048892F /* Extentions.swift */,
				62385ACC263AE8B300743C1E /* Constants.swift */,
				62385AD826426B7C00743C1E /* InputTextView.swift */,
			);
			path = Utilis;
			sourceTree = "<group>";
		};
		6232CBFE26380CC900CC60F9 /* APi */ = {
			isa = PBXGroup;
			children = (
				62385AC1263A7C2F00743C1E /* ImageUploader.swift */,
				62385AC3263A7C3B00743C1E /* AuthService.swift */,
				62385ACA263AE87200743C1E /* UserService.swift */,
				62385ADA26427C4600743C1E /* PostService.swift */,
			);
			path = APi;
			sourceTree = "<group>";
		};
		6232CBFF26380CCD00CC60F9 /* Controller */ = {
			isa = PBXGroup;
			children = (
				6210799926392C6100F18519 /* Authentication */,
				6232CC0426380DB700CC60F9 /* MainTabController.swift */,
				6232CC0726380F8400CC60F9 /* FeedController.swift */,
				6232CC0A26380F9800CC60F9 /* SearchController.swift */,
				6232CC0D26380FB500CC60F9 /* ImageSelectController.swift */,
				6232CC1026380FD300CC60F9 /* NotifacationController.swift */,
				6232CC1326380FE100CC60F9 /* ProfileController.swift */,
				62385AD62642671800743C1E /* UploadPostController.swift */,
				6206B0172643B688003FB658 /* CommentController.swift */,
			);
			path = Controller;
			sourceTree = "<group>";
		};
		6232CC0026380CD100CC60F9 /* ViewModel */ = {
			isa = PBXGroup;
			children = (
				621079A026394B6000F18519 /* AuthenticationViewModel.swift */,
				62385AD0263AF8BF00743C1E /* ProfileHeaderViewModel.swift */,
				62385AD4263FBC5A00743C1E /* UserCellViewModel.swift */,
				62385ADE2642915400743C1E /* PostViewModel.swift */,
			);
			path = ViewModel;
			sourceTree = "<group>";
		};
		6232CC0126380CD500CC60F9 /* View */ = {
			isa = PBXGroup;
			children = (
				62385AC9263AB74800743C1E /* Profile */,
				62DE5EA6263828330048892F /* FeedCell.swift */,
				6210799E26393DE100F18519 /* customTextField.swift */,
				62385AD2263FA6D000743C1E /* UserCell.swift */,
				6206B0192643B97D003FB658 /* CommentCell.swift */,
				6206B01B2643CF7D003FB658 /* CommentInputAccesoryView.swift */,
			);
			path = View;
			sourceTree = "<group>";
		};
		6232CC0226380CDB00CC60F9 /* Model */ = {
			isa = PBXGroup;
			children = (
				62385ACE263AED5000743C1E /* User.swift */,
				62385ADC26428C7000743C1E /* Post.swift */,
			);
			path = Model;
			sourceTree = "<group>";
		};
		62385AC9263AB74800743C1E /* Profile */ = {
			isa = PBXGroup;
			children = (
				62385AC7263AB72B00743C1E /* ProfileHeader.swift */,
				62385AC5263AB71C00743C1E /* ProfileCell.swift */,
			);
			path = Profile;
			sourceTree = "<group>";
		};
		EF5BA6529F88177EF8B83C3D /* Pods */ = {
			isa = PBXGroup;
			children = (
				0A2C705B9BF58D105C3A8B63 /* Pods-project_wayward.debug.xcconfig */,
				8C4412CAC41C30385D95CB5F /* Pods-project_wayward.release.xcconfig */,
			);
			path = Pods;
			sourceTree = "<group>";
		};
/* End PBXGroup section */

/* Begin PBXNativeTarget section */
		6232CBE426380CA800CC60F9 /* project_wayward */ = {
			isa = PBXNativeTarget;
			buildConfigurationList = 6232CBF926380CAB00CC60F9 /* Build configuration list for PBXNativeTarget "project_wayward" */;
			buildPhases = (
				FB5C82936EDB57122092CB81 /* [CP] Check Pods Manifest.lock */,
				6232CBE126380CA800CC60F9 /* Sources */,
				6232CBE226380CA800CC60F9 /* Frameworks */,
				6232CBE326380CA800CC60F9 /* Resources */,
				DA6BEF6FC638950DC0960EC3 /* [CP] Embed Pods Frameworks */,
			);
			buildRules = (
			);
			dependencies = (
			);
			name = project_wayward;
			productName = project_wayward;
			productReference = 6232CBE526380CA800CC60F9 /* project_wayward.app */;
			productType = "com.apple.product-type.application";
		};
/* End PBXNativeTarget section */

/* Begin PBXProject section */
		6232CBDD26380CA800CC60F9 /* Project object */ = {
			isa = PBXProject;
			attributes = {
				LastSwiftUpdateCheck = 1240;
				LastUpgradeCheck = 1240;
				TargetAttributes = {
					6232CBE426380CA800CC60F9 = {
						CreatedOnToolsVersion = 12.4;
					};
				};
			};
			buildConfigurationList = 6232CBE026380CA800CC60F9 /* Build configuration list for PBXProject "project_wayward" */;
			compatibilityVersion = "Xcode 9.3";
			developmentRegion = en;
			hasScannedForEncodings = 0;
			knownRegions = (
				en,
				Base,
			);
			mainGroup = 6232CBDC26380CA800CC60F9;
			productRefGroup = 6232CBE626380CA800CC60F9 /* Products */;
			projectDirPath = "";
			projectRoot = "";
			targets = (
				6232CBE426380CA800CC60F9 /* project_wayward */,
			);
		};
/* End PBXProject section */

/* Begin PBXResourcesBuildPhase section */
		6232CBE326380CA800CC60F9 /* Resources */ = {
			isa = PBXResourcesBuildPhase;
			buildActionMask = 2147483647;
			files = (
				6232CBF526380CAB00CC60F9 /* LaunchScreen.storyboard in Resources */,
				621079A3263A734B00F18519 /* GoogleService-Info.plist in Resources */,
				6232CBF226380CAB00CC60F9 /* Assets.xcassets in Resources */,
				6232CBF026380CA800CC60F9 /* Main.storyboard in Resources */,
			);
			runOnlyForDeploymentPostprocessing = 0;
		};
/* End PBXResourcesBuildPhase section */

/* Begin PBXShellScriptBuildPhase section */
		DA6BEF6FC638950DC0960EC3 /* [CP] Embed Pods Frameworks */ = {
			isa = PBXShellScriptBuildPhase;
			buildActionMask = 2147483647;
			files = (
			);
			inputFileListPaths = (
				"${PODS_ROOT}/Target Support Files/Pods-project_wayward/Pods-project_wayward-frameworks-${CONFIGURATION}-input-files.xcfilelist",
			);
			name = "[CP] Embed Pods Frameworks";
			outputFileListPaths = (
				"${PODS_ROOT}/Target Support Files/Pods-project_wayward/Pods-project_wayward-frameworks-${CONFIGURATION}-output-files.xcfilelist",
			);
			runOnlyForDeploymentPostprocessing = 0;
			shellPath = /bin/sh;
			shellScript = "\"${PODS_ROOT}/Target Support Files/Pods-project_wayward/Pods-project_wayward-frameworks.sh\"\n";
			showEnvVarsInLog = 0;
		};
		FB5C82936EDB57122092CB81 /* [CP] Check Pods Manifest.lock */ = {
			isa = PBXShellScriptBuildPhase;
			buildActionMask = 2147483647;
			files = (
			);
			inputFileListPaths = (
			);
			inputPaths = (
				"${PODS_PODFILE_DIR_PATH}/Podfile.lock",
				"${PODS_ROOT}/Manifest.lock",
			);
			name = "[CP] Check Pods Manifest.lock";
			outputFileListPaths = (
			);
			outputPaths = (
				"$(DERIVED_FILE_DIR)/Pods-project_wayward-checkManifestLockResult.txt",
			);
			runOnlyForDeploymentPostprocessing = 0;
			shellPath = /bin/sh;
			shellScript = "diff \"${PODS_PODFILE_DIR_PATH}/Podfile.lock\" \"${PODS_ROOT}/Manifest.lock\" > /dev/null\nif [ $? != 0 ] ; then\n    # print error to STDERR\n    echo \"error: The sandbox is not in sync with the Podfile.lock. Run 'pod install' or update your CocoaPods installation.\" >&2\n    exit 1\nfi\n# This output is used by Xcode 'outputs' to avoid re-running this script phase.\necho \"SUCCESS\" > \"${SCRIPT_OUTPUT_FILE_0}\"\n";
			showEnvVarsInLog = 0;
		};
/* End PBXShellScriptBuildPhase section */

/* Begin PBXSourcesBuildPhase section */
		6232CBE126380CA800CC60F9 /* Sources */ = {
			isa = PBXSourcesBuildPhase;
			buildActionMask = 2147483647;
			files = (
				62385ADF2642915400743C1E /* PostViewModel.swift in Sources */,
				6232CBED26380CA800CC60F9 /* ViewController.swift in Sources */,
				62385AC8263AB72B00743C1E /* ProfileHeader.swift in Sources */,
				6206B0182643B688003FB658 /* CommentController.swift in Sources */,
				62385AD72642671800743C1E /* UploadPostController.swift in Sources */,
				6210799B26392C9100F18519 /* LoginController.swift in Sources */,
				62DE5EA7263828330048892F /* FeedCell.swift in Sources */,
				6232CC0B26380F9800CC60F9 /* SearchController.swift in Sources */,
				62DE5EA9263829580048892F /* Extentions.swift in Sources */,
				6232CC1126380FD300CC60F9 /* NotifacationController.swift in Sources */,
				621079A126394B6000F18519 /* AuthenticationViewModel.swift in Sources */,
				62385AD3263FA6D000743C1E /* UserCell.swift in Sources */,
				6232CBE926380CA800CC60F9 /* AppDelegate.swift in Sources */,
				6232CC0826380F8400CC60F9 /* FeedController.swift in Sources */,
				62385ACF263AED5000743C1E /* User.swift in Sources */,
				6210799F26393DE100F18519 /* customTextField.swift in Sources */,
				62385AD1263AF8BF00743C1E /* ProfileHeaderViewModel.swift in Sources */,
				62385AD926426B7C00743C1E /* InputTextView.swift in Sources */,
				62385ACD263AE8B300743C1E /* Constants.swift in Sources */,
				6232CC1426380FE100CC60F9 /* ProfileController.swift in Sources */,
				62385AD5263FBC5A00743C1E /* UserCellViewModel.swift in Sources */,
				6232CC0E26380FB500CC60F9 /* ImageSelectController.swift in Sources */,
				6232CC0526380DB700CC60F9 /* MainTabController.swift in Sources */,
				62385AC2263A7C2F00743C1E /* ImageUploader.swift in Sources */,
				62385ADD26428C7000743C1E /* Post.swift in Sources */,
				62385AC4263A7C3B00743C1E /* AuthService.swift in Sources */,
				6206B01C2643CF7D003FB658 /* CommentInputAccesoryView.swift in Sources */,
				62385ADB26427C4600743C1E /* PostService.swift in Sources */,
				62385ACB263AE87200743C1E /* UserService.swift in Sources */,
				62385AC6263AB71C00743C1E /* ProfileCell.swift in Sources */,
				6232CBEB26380CA800CC60F9 /* SceneDelegate.swift in Sources */,
				6210799D26392CA400F18519 /* RegistrationController.swift in Sources */,
				6206B01A2643B97D003FB658 /* CommentCell.swift in Sources */,
			);
			runOnlyForDeploymentPostprocessing = 0;
		};
/* End PBXSourcesBuildPhase section */

/* Begin PBXVariantGroup section */
		6232CBEE26380CA800CC60F9 /* Main.storyboard */ = {
			isa = PBXVariantGroup;
			children = (
				6232CBEF26380CA800CC60F9 /* Base */,
			);
			name = Main.storyboard;
			sourceTree = "<group>";
		};
		6232CBF326380CAB00CC60F9 /* LaunchScreen.storyboard */ = {
			isa = PBXVariantGroup;
			children = (
				6232CBF426380CAB00CC60F9 /* Base */,
			);
			name = LaunchScreen.storyboard;
			sourceTree = "<group>";
		};
/* End PBXVariantGroup section */

/* Begin XCBuildConfiguration section */
		6232CBF726380CAB00CC60F9 /* Debug */ = {
			isa = XCBuildConfiguration;
			buildSettings = {
				ALWAYS_SEARCH_USER_PATHS = NO;
				CLANG_ANALYZER_NONNULL = YES;
				CLANG_ANALYZER_NUMBER_OBJECT_CONVERSION = YES_AGGRESSIVE;
				CLANG_CXX_LANGUAGE_STANDARD = "gnu++14";
				CLANG_CXX_LIBRARY = "libc++";
				CLANG_ENABLE_MODULES = YES;
				CLANG_ENABLE_OBJC_ARC = YES;
				CLANG_ENABLE_OBJC_WEAK = YES;
				CLANG_WARN_BLOCK_CAPTURE_AUTORELEASING = YES;
				CLANG_WARN_BOOL_CONVERSION = YES;
				CLANG_WARN_COMMA = YES;
				CLANG_WARN_CONSTANT_CONVERSION = YES;
				CLANG_WARN_DEPRECATED_OBJC_IMPLEMENTATIONS = YES;
				CLANG_WARN_DIRECT_OBJC_ISA_USAGE = YES_ERROR;
				CLANG_WARN_DOCUMENTATION_COMMENTS = YES;
				CLANG_WARN_EMPTY_BODY = YES;
				CLANG_WARN_ENUM_CONVERSION = YES;
				CLANG_WARN_INFINITE_RECURSION = YES;
				CLANG_WARN_INT_CONVERSION = YES;
				CLANG_WARN_NON_LITERAL_NULL_CONVERSION = YES;
				CLANG_WARN_OBJC_IMPLICIT_RETAIN_SELF = YES;
				CLANG_WARN_OBJC_LITERAL_CONVERSION = YES;
				CLANG_WARN_OBJC_ROOT_CLASS = YES_ERROR;
				CLANG_WARN_QUOTED_INCLUDE_IN_FRAMEWORK_HEADER = YES;
				CLANG_WARN_RANGE_LOOP_ANALYSIS = YES;
				CLANG_WARN_STRICT_PROTOTYPES = YES;
				CLANG_WARN_SUSPICIOUS_MOVE = YES;
				CLANG_WARN_UNGUARDED_AVAILABILITY = YES_AGGRESSIVE;
				CLANG_WARN_UNREACHABLE_CODE = YES;
				CLANG_WARN__DUPLICATE_METHOD_MATCH = YES;
				COPY_PHASE_STRIP = NO;
				DEBUG_INFORMATION_FORMAT = dwarf;
				ENABLE_STRICT_OBJC_MSGSEND = YES;
				ENABLE_TESTABILITY = YES;
				GCC_C_LANGUAGE_STANDARD = gnu11;
				GCC_DYNAMIC_NO_PIC = NO;
				GCC_NO_COMMON_BLOCKS = YES;
				GCC_OPTIMIZATION_LEVEL = 0;
				GCC_PREPROCESSOR_DEFINITIONS = (
					"DEBUG=1",
					"$(inherited)",
				);
				GCC_WARN_64_TO_32_BIT_CONVERSION = YES;
				GCC_WARN_ABOUT_RETURN_TYPE = YES_ERROR;
				GCC_WARN_UNDECLARED_SELECTOR = YES;
				GCC_WARN_UNINITIALIZED_AUTOS = YES_AGGRESSIVE;
				GCC_WARN_UNUSED_FUNCTION = YES;
				GCC_WARN_UNUSED_VARIABLE = YES;
				IPHONEOS_DEPLOYMENT_TARGET = 14.4;
				MTL_ENABLE_DEBUG_INFO = INCLUDE_SOURCE;
				MTL_FAST_MATH = YES;
				ONLY_ACTIVE_ARCH = YES;
				SDKROOT = iphoneos;
				SWIFT_ACTIVE_COMPILATION_CONDITIONS = DEBUG;
				SWIFT_OPTIMIZATION_LEVEL = "-Onone";
			};
			name = Debug;
		};
		6232CBF826380CAB00CC60F9 /* Release */ = {
			isa = XCBuildConfiguration;
			buildSettings = {
				ALWAYS_SEARCH_USER_PATHS = NO;
				CLANG_ANALYZER_NONNULL = YES;
				CLANG_ANALYZER_NUMBER_OBJECT_CONVERSION = YES_AGGRESSIVE;
				CLANG_CXX_LANGUAGE_STANDARD = "gnu++14";
				CLANG_CXX_LIBRARY = "libc++";
				CLANG_ENABLE_MODULES = YES;
				CLANG_ENABLE_OBJC_ARC = YES;
				CLANG_ENABLE_OBJC_WEAK = YES;
				CLANG_WARN_BLOCK_CAPTURE_AUTORELEASING = YES;
				CLANG_WARN_BOOL_CONVERSION = YES;
				CLANG_WARN_COMMA = YES;
				CLANG_WARN_CONSTANT_CONVERSION = YES;
				CLANG_WARN_DEPRECATED_OBJC_IMPLEMENTATIONS = YES;
				CLANG_WARN_DIRECT_OBJC_ISA_USAGE = YES_ERROR;
				CLANG_WARN_DOCUMENTATION_COMMENTS = YES;
				CLANG_WARN_EMPTY_BODY = YES;
				CLANG_WARN_ENUM_CONVERSION = YES;
				CLANG_WARN_INFINITE_RECURSION = YES;
				CLANG_WARN_INT_CONVERSION = YES;
				CLANG_WARN_NON_LITERAL_NULL_CONVERSION = YES;
				CLANG_WARN_OBJC_IMPLICIT_RETAIN_SELF = YES;
				CLANG_WARN_OBJC_LITERAL_CONVERSION = YES;
				CLANG_WARN_OBJC_ROOT_CLASS = YES_ERROR;
				CLANG_WARN_QUOTED_INCLUDE_IN_FRAMEWORK_HEADER = YES;
				CLANG_WARN_RANGE_LOOP_ANALYSIS = YES;
				CLANG_WARN_STRICT_PROTOTYPES = YES;
				CLANG_WARN_SUSPICIOUS_MOVE = YES;
				CLANG_WARN_UNGUARDED_AVAILABILITY = YES_AGGRESSIVE;
				CLANG_WARN_UNREACHABLE_CODE = YES;
				CLANG_WARN__DUPLICATE_METHOD_MATCH = YES;
				COPY_PHASE_STRIP = NO;
				DEBUG_INFORMATION_FORMAT = "dwarf-with-dsym";
				ENABLE_NS_ASSERTIONS = NO;
				ENABLE_STRICT_OBJC_MSGSEND = YES;
				GCC_C_LANGUAGE_STANDARD = gnu11;
				GCC_NO_COMMON_BLOCKS = YES;
				GCC_WARN_64_TO_32_BIT_CONVERSION = YES;
				GCC_WARN_ABOUT_RETURN_TYPE = YES_ERROR;
				GCC_WARN_UNDECLARED_SELECTOR = YES;
				GCC_WARN_UNINITIALIZED_AUTOS = YES_AGGRESSIVE;
				GCC_WARN_UNUSED_FUNCTION = YES;
				GCC_WARN_UNUSED_VARIABLE = YES;
				IPHONEOS_DEPLOYMENT_TARGET = 14.4;
				MTL_ENABLE_DEBUG_INFO = NO;
				MTL_FAST_MATH = YES;
				SDKROOT = iphoneos;
				SWIFT_COMPILATION_MODE = wholemodule;
				SWIFT_OPTIMIZATION_LEVEL = "-O";
				VALIDATE_PRODUCT = YES;
			};
			name = Release;
		};
		6232CBFA26380CAB00CC60F9 /* Debug */ = {
			isa = XCBuildConfiguration;
			baseConfigurationReference = 0A2C705B9BF58D105C3A8B63 /* Pods-project_wayward.debug.xcconfig */;
			buildSettings = {
				ASSETCATALOG_COMPILER_APPICON_NAME = AppIcon;
				ASSETCATALOG_COMPILER_GLOBAL_ACCENT_COLOR_NAME = AccentColor;
				CODE_SIGN_STYLE = Automatic;
				DEVELOPMENT_TEAM = DSEMCB4TJB;
				INFOPLIST_FILE = project_wayward/Info.plist;
				LD_RUNPATH_SEARCH_PATHS = (
					"$(inherited)",
					"@executable_path/Frameworks",
				);
				PRODUCT_BUNDLE_IDENTIFIER = "com.raydeckerjr.project-wayward";
				PRODUCT_NAME = "$(TARGET_NAME)";
				SWIFT_VERSION = 5.0;
				TARGETED_DEVICE_FAMILY = 1;
			};
			name = Debug;
		};
		6232CBFB26380CAB00CC60F9 /* Release */ = {
			isa = XCBuildConfiguration;
			baseConfigurationReference = 8C4412CAC41C30385D95CB5F /* Pods-project_wayward.release.xcconfig */;
			buildSettings = {
				ASSETCATALOG_COMPILER_APPICON_NAME = AppIcon;
				ASSETCATALOG_COMPILER_GLOBAL_ACCENT_COLOR_NAME = AccentColor;
				CODE_SIGN_STYLE = Automatic;
				DEVELOPMENT_TEAM = DSEMCB4TJB;
				INFOPLIST_FILE = project_wayward/Info.plist;
				LD_RUNPATH_SEARCH_PATHS = (
					"$(inherited)",
					"@executable_path/Frameworks",
				);
				PRODUCT_BUNDLE_IDENTIFIER = "com.raydeckerjr.project-wayward";
				PRODUCT_NAME = "$(TARGET_NAME)";
				SWIFT_VERSION = 5.0;
				TARGETED_DEVICE_FAMILY = 1;
			};
			name = Release;
		};
/* End XCBuildConfiguration section */

/* Begin XCConfigurationList section */
		6232CBE026380CA800CC60F9 /* Build configuration list for PBXProject "project_wayward" */ = {
			isa = XCConfigurationList;
			buildConfigurations = (
				6232CBF726380CAB00CC60F9 /* Debug */,
				6232CBF826380CAB00CC60F9 /* Release */,
			);
			defaultConfigurationIsVisible = 0;
			defaultConfigurationName = Release;
		};
		6232CBF926380CAB00CC60F9 /* Build configuration list for PBXNativeTarget "project_wayward" */ = {
			isa = XCConfigurationList;
			buildConfigurations = (
				6232CBFA26380CAB00CC60F9 /* Debug */,
				6232CBFB26380CAB00CC60F9 /* Release */,
			);
			defaultConfigurationIsVisible = 0;
			defaultConfigurationName = Release;
		};
/* End XCConfigurationList section */
	};
	rootObject = 6232CBDD26380CA800CC60F9 /* Project object */;
}
